// !$*UTF8*$!
{
	archiveVersion = 1;
	classes = {
	};
	objectVersion = 56;
	objects = {

/* Begin PBXBuildFile section */
		D66856512A126105006A8693 /* ClientState+String.swift in Sources */ = {isa = PBXBuildFile; fileRef = D66856502A126105006A8693 /* ClientState+String.swift */; };
		D67035A42A0E75500060A6F0 /* Socks5App.swift in Sources */ = {isa = PBXBuildFile; fileRef = D67035A32A0E75500060A6F0 /* Socks5App.swift */; };
		D67035A62A0E75500060A6F0 /* ContentView.swift in Sources */ = {isa = PBXBuildFile; fileRef = D67035A52A0E75500060A6F0 /* ContentView.swift */; };
		D67035A82A0E75510060A6F0 /* Assets.xcassets in Resources */ = {isa = PBXBuildFile; fileRef = D67035A72A0E75510060A6F0 /* Assets.xcassets */; };
		D67035AB2A0E75510060A6F0 /* Preview Assets.xcassets in Resources */ = {isa = PBXBuildFile; fileRef = D67035AA2A0E75510060A6F0 /* Preview Assets.xcassets */; };
		D67035B42A0E76DE0060A6F0 /* libsocks5_c.a in Frameworks */ = {isa = PBXBuildFile; fileRef = D67035B32A0E76CF0060A6F0 /* libsocks5_c.a */; };
		D67035B62A0E76E60060A6F0 /* libresolv.tbd in Frameworks */ = {isa = PBXBuildFile; fileRef = D67035B52A0E76E20060A6F0 /* libresolv.tbd */; };
		D67035BA2A0E794F0060A6F0 /* RustSocks5.swift in Sources */ = {isa = PBXBuildFile; fileRef = D67035B92A0E794F0060A6F0 /* RustSocks5.swift */; };
/* End PBXBuildFile section */

/* Begin PBXFileReference section */
		D66856502A126105006A8693 /* ClientState+String.swift */ = {isa = PBXFileReference; lastKnownFileType = sourcecode.swift; path = "ClientState+String.swift"; sourceTree = "<group>"; };
		D67035A02A0E75500060A6F0 /* Socks5.app */ = {isa = PBXFileReference; explicitFileType = wrapper.application; includeInIndex = 0; path = Socks5.app; sourceTree = BUILT_PRODUCTS_DIR; };
		D67035A32A0E75500060A6F0 /* Socks5App.swift */ = {isa = PBXFileReference; lastKnownFileType = sourcecode.swift; path = Socks5App.swift; sourceTree = "<group>"; };
		D67035A52A0E75500060A6F0 /* ContentView.swift */ = {isa = PBXFileReference; lastKnownFileType = sourcecode.swift; path = ContentView.swift; sourceTree = "<group>"; };
		D67035A72A0E75510060A6F0 /* Assets.xcassets */ = {isa = PBXFileReference; lastKnownFileType = folder.assetcatalog; path = Assets.xcassets; sourceTree = "<group>"; };
		D67035AA2A0E75510060A6F0 /* Preview Assets.xcassets */ = {isa = PBXFileReference; lastKnownFileType = folder.assetcatalog; path = "Preview Assets.xcassets"; sourceTree = "<group>"; };
		D67035B22A0E76110060A6F0 /* cargo */ = {isa = PBXFileReference; lastKnownFileType = folder; name = cargo; path = ../../cargo; sourceTree = "<group>"; };
		D67035B32A0E76CF0060A6F0 /* libsocks5_c.a */ = {isa = PBXFileReference; lastKnownFileType = archive.ar; name = libsocks5_c.a; path = ../../cargo/target/universal/release/libsocks5_c.a; sourceTree = "<group>"; };
		D67035B52A0E76E20060A6F0 /* libresolv.tbd */ = {isa = PBXFileReference; lastKnownFileType = "sourcecode.text-based-dylib-definition"; name = libresolv.tbd; path = usr/lib/libresolv.tbd; sourceTree = SDKROOT; };
		D67035B72A0E77D40060A6F0 /* socks5_c.h */ = {isa = PBXFileReference; fileEncoding = 4; lastKnownFileType = sourcecode.c.h; name = socks5_c.h; path = ../../../cargo/socks5_c.h; sourceTree = "<group>"; };
		D67035B82A0E77F70060A6F0 /* Socks5-Bridging-Header.h */ = {isa = PBXFileReference; lastKnownFileType = sourcecode.c.h; path = "Socks5-Bridging-Header.h"; sourceTree = "<group>"; };
		D67035B92A0E794F0060A6F0 /* RustSocks5.swift */ = {isa = PBXFileReference; lastKnownFileType = sourcecode.swift; path = RustSocks5.swift; sourceTree = "<group>"; };
/* End PBXFileReference section */

/* Begin PBXFrameworksBuildPhase section */
		D670359D2A0E75500060A6F0 /* Frameworks */ = {
			isa = PBXFrameworksBuildPhase;
			buildActionMask = 2147483647;
			files = (
				D67035B42A0E76DE0060A6F0 /* libsocks5_c.a in Frameworks */,
				D67035B62A0E76E60060A6F0 /* libresolv.tbd in Frameworks */,
			);
			runOnlyForDeploymentPostprocessing = 0;
		};
/* End PBXFrameworksBuildPhase section */

/* Begin PBXGroup section */
		D668564F2A1260EF006A8693 /* Extensions */ = {
			isa = PBXGroup;
			children = (
				D66856502A126105006A8693 /* ClientState+String.swift */,
			);
			path = Extensions;
			sourceTree = "<group>";
		};
		D67035972A0E75500060A6F0 = {
			isa = PBXGroup;
			children = (
				D67035A22A0E75500060A6F0 /* Socks5 */,
				D67035A12A0E75500060A6F0 /* Products */,
				D67035B12A0E76110060A6F0 /* Frameworks */,
			);
			sourceTree = "<group>";
		};
		D67035A12A0E75500060A6F0 /* Products */ = {
			isa = PBXGroup;
			children = (
				D67035A02A0E75500060A6F0 /* Socks5.app */,
			);
			name = Products;
			sourceTree = "<group>";
		};
		D67035A22A0E75500060A6F0 /* Socks5 */ = {
			isa = PBXGroup;
			children = (
				D668564F2A1260EF006A8693 /* Extensions */,
				D67035B72A0E77D40060A6F0 /* socks5_c.h */,
				D67035A32A0E75500060A6F0 /* Socks5App.swift */,
				D67035A52A0E75500060A6F0 /* ContentView.swift */,
				D67035A72A0E75510060A6F0 /* Assets.xcassets */,
				D67035A92A0E75510060A6F0 /* Preview Content */,
				D67035B82A0E77F70060A6F0 /* Socks5-Bridging-Header.h */,
				D67035B92A0E794F0060A6F0 /* RustSocks5.swift */,
			);
			path = Socks5;
			sourceTree = "<group>";
		};
		D67035A92A0E75510060A6F0 /* Preview Content */ = {
			isa = PBXGroup;
			children = (
				D67035AA2A0E75510060A6F0 /* Preview Assets.xcassets */,
			);
			path = "Preview Content";
			sourceTree = "<group>";
		};
		D67035B12A0E76110060A6F0 /* Frameworks */ = {
			isa = PBXGroup;
			children = (
				D67035B52A0E76E20060A6F0 /* libresolv.tbd */,
				D67035B32A0E76CF0060A6F0 /* libsocks5_c.a */,
				D67035B22A0E76110060A6F0 /* cargo */,
			);
			name = Frameworks;
			sourceTree = "<group>";
		};
/* End PBXGroup section */

/* Begin PBXNativeTarget section */
		D670359F2A0E75500060A6F0 /* Socks5 */ = {
			isa = PBXNativeTarget;
			buildConfigurationList = D67035AE2A0E75510060A6F0 /* Build configuration list for PBXNativeTarget "Socks5" */;
			buildPhases = (
				D670359C2A0E75500060A6F0 /* Sources */,
				D670359D2A0E75500060A6F0 /* Frameworks */,
				D670359E2A0E75500060A6F0 /* Resources */,
			);
			buildRules = (
			);
			dependencies = (
			);
			name = Socks5;
			productName = Socks5;
			productReference = D67035A02A0E75500060A6F0 /* Socks5.app */;
			productType = "com.apple.product-type.application";
		};
/* End PBXNativeTarget section */

/* Begin PBXProject section */
		D67035982A0E75500060A6F0 /* Project object */ = {
			isa = PBXProject;
			attributes = {
				BuildIndependentTargetsInParallel = 1;
				LastSwiftUpdateCheck = 1430;
				LastUpgradeCheck = 1430;
				TargetAttributes = {
					D670359F2A0E75500060A6F0 = {
						CreatedOnToolsVersion = 14.3;
					};
				};
			};
			buildConfigurationList = D670359B2A0E75500060A6F0 /* Build configuration list for PBXProject "Socks5" */;
			compatibilityVersion = "Xcode 14.0";
			developmentRegion = en;
			hasScannedForEncodings = 0;
			knownRegions = (
				en,
				Base,
			);
			mainGroup = D67035972A0E75500060A6F0;
			productRefGroup = D67035A12A0E75500060A6F0 /* Products */;
			projectDirPath = "";
			projectRoot = "";
			targets = (
				D670359F2A0E75500060A6F0 /* Socks5 */,
			);
		};
/* End PBXProject section */

/* Begin PBXResourcesBuildPhase section */
		D670359E2A0E75500060A6F0 /* Resources */ = {
			isa = PBXResourcesBuildPhase;
			buildActionMask = 2147483647;
			files = (
				D67035AB2A0E75510060A6F0 /* Preview Assets.xcassets in Resources */,
				D67035A82A0E75510060A6F0 /* Assets.xcassets in Resources */,
			);
			runOnlyForDeploymentPostprocessing = 0;
		};
/* End PBXResourcesBuildPhase section */

/* Begin PBXSourcesBuildPhase section */
		D670359C2A0E75500060A6F0 /* Sources */ = {
			isa = PBXSourcesBuildPhase;
			buildActionMask = 2147483647;
			files = (
				D67035BA2A0E794F0060A6F0 /* RustSocks5.swift in Sources */,
				D66856512A126105006A8693 /* ClientState+String.swift in Sources */,
				D67035A62A0E75500060A6F0 /* ContentView.swift in Sources */,
				D67035A42A0E75500060A6F0 /* Socks5App.swift in Sources */,
			);
			runOnlyForDeploymentPostprocessing = 0;
		};
/* End PBXSourcesBuildPhase section */

/* Begin XCBuildConfiguration section */
		D67035AC2A0E75510060A6F0 /* Debug */ = {
			isa = XCBuildConfiguration;
			buildSettings = {
				ALWAYS_SEARCH_USER_PATHS = NO;
				CLANG_ANALYZER_NONNULL = YES;
				CLANG_ANALYZER_NUMBER_OBJECT_CONVERSION = YES_AGGRESSIVE;
				CLANG_CXX_LANGUAGE_STANDARD = "gnu++20";
				CLANG_ENABLE_MODULES = YES;
				CLANG_ENABLE_OBJC_ARC = YES;
				CLANG_ENABLE_OBJC_WEAK = YES;
				CLANG_WARN_BLOCK_CAPTURE_AUTORELEASING = YES;
				CLANG_WARN_BOOL_CONVERSION = YES;
				CLANG_WARN_COMMA = YES;
				CLANG_WARN_CONSTANT_CONVERSION = YES;
				CLANG_WARN_DEPRECATED_OBJC_IMPLEMENTATIONS = YES;
				CLANG_WARN_DIRECT_OBJC_ISA_USAGE = YES_ERROR;
				CLANG_WARN_DOCUMENTATION_COMMENTS = YES;
				CLANG_WARN_EMPTY_BODY = YES;
				CLANG_WARN_ENUM_CONVERSION = YES;
				CLANG_WARN_INFINITE_RECURSION = YES;
				CLANG_WARN_INT_CONVERSION = YES;
				CLANG_WARN_NON_LITERAL_NULL_CONVERSION = YES;
				CLANG_WARN_OBJC_IMPLICIT_RETAIN_SELF = YES;
				CLANG_WARN_OBJC_LITERAL_CONVERSION = YES;
				CLANG_WARN_OBJC_ROOT_CLASS = YES_ERROR;
				CLANG_WARN_QUOTED_INCLUDE_IN_FRAMEWORK_HEADER = YES;
				CLANG_WARN_RANGE_LOOP_ANALYSIS = YES;
				CLANG_WARN_STRICT_PROTOTYPES = YES;
				CLANG_WARN_SUSPICIOUS_MOVE = YES;
				CLANG_WARN_UNGUARDED_AVAILABILITY = YES_AGGRESSIVE;
				CLANG_WARN_UNREACHABLE_CODE = YES;
				CLANG_WARN__DUPLICATE_METHOD_MATCH = YES;
				COPY_PHASE_STRIP = NO;
				DEBUG_INFORMATION_FORMAT = dwarf;
				ENABLE_STRICT_OBJC_MSGSEND = YES;
				ENABLE_TESTABILITY = YES;
				GCC_C_LANGUAGE_STANDARD = gnu11;
				GCC_DYNAMIC_NO_PIC = NO;
				GCC_NO_COMMON_BLOCKS = YES;
				GCC_OPTIMIZATION_LEVEL = 0;
				GCC_PREPROCESSOR_DEFINITIONS = (
					"DEBUG=1",
					"$(inherited)",
				);
				GCC_WARN_64_TO_32_BIT_CONVERSION = YES;
				GCC_WARN_ABOUT_RETURN_TYPE = YES_ERROR;
				GCC_WARN_UNDECLARED_SELECTOR = YES;
				GCC_WARN_UNINITIALIZED_AUTOS = YES_AGGRESSIVE;
				GCC_WARN_UNUSED_FUNCTION = YES;
				GCC_WARN_UNUSED_VARIABLE = YES;
				IPHONEOS_DEPLOYMENT_TARGET = 16.4;
				MTL_ENABLE_DEBUG_INFO = INCLUDE_SOURCE;
				MTL_FAST_MATH = YES;
				ONLY_ACTIVE_ARCH = YES;
				SDKROOT = iphoneos;
				SWIFT_ACTIVE_COMPILATION_CONDITIONS = DEBUG;
				SWIFT_OPTIMIZATION_LEVEL = "-Onone";
			};
			name = Debug;
		};
		D67035AD2A0E75510060A6F0 /* Release */ = {
			isa = XCBuildConfiguration;
			buildSettings = {
				ALWAYS_SEARCH_USER_PATHS = NO;
				CLANG_ANALYZER_NONNULL = YES;
				CLANG_ANALYZER_NUMBER_OBJECT_CONVERSION = YES_AGGRESSIVE;
				CLANG_CXX_LANGUAGE_STANDARD = "gnu++20";
				CLANG_ENABLE_MODULES = YES;
				CLANG_ENABLE_OBJC_ARC = YES;
				CLANG_ENABLE_OBJC_WEAK = YES;
				CLANG_WARN_BLOCK_CAPTURE_AUTORELEASING = YES;
				CLANG_WARN_BOOL_CONVERSION = YES;
				CLANG_WARN_COMMA = YES;
				CLANG_WARN_CONSTANT_CONVERSION = YES;
				CLANG_WARN_DEPRECATED_OBJC_IMPLEMENTATIONS = YES;
				CLANG_WARN_DIRECT_OBJC_ISA_USAGE = YES_ERROR;
				CLANG_WARN_DOCUMENTATION_COMMENTS = YES;
				CLANG_WARN_EMPTY_BODY = YES;
				CLANG_WARN_ENUM_CONVERSION = YES;
				CLANG_WARN_INFINITE_RECURSION = YES;
				CLANG_WARN_INT_CONVERSION = YES;
				CLANG_WARN_NON_LITERAL_NULL_CONVERSION = YES;
				CLANG_WARN_OBJC_IMPLICIT_RETAIN_SELF = YES;
				CLANG_WARN_OBJC_LITERAL_CONVERSION = YES;
				CLANG_WARN_OBJC_ROOT_CLASS = YES_ERROR;
				CLANG_WARN_QUOTED_INCLUDE_IN_FRAMEWORK_HEADER = YES;
				CLANG_WARN_RANGE_LOOP_ANALYSIS = YES;
				CLANG_WARN_STRICT_PROTOTYPES = YES;
				CLANG_WARN_SUSPICIOUS_MOVE = YES;
				CLANG_WARN_UNGUARDED_AVAILABILITY = YES_AGGRESSIVE;
				CLANG_WARN_UNREACHABLE_CODE = YES;
				CLANG_WARN__DUPLICATE_METHOD_MATCH = YES;
				COPY_PHASE_STRIP = NO;
				DEBUG_INFORMATION_FORMAT = "dwarf-with-dsym";
				ENABLE_NS_ASSERTIONS = NO;
				ENABLE_STRICT_OBJC_MSGSEND = YES;
				GCC_C_LANGUAGE_STANDARD = gnu11;
				GCC_NO_COMMON_BLOCKS = YES;
				GCC_WARN_64_TO_32_BIT_CONVERSION = YES;
				GCC_WARN_ABOUT_RETURN_TYPE = YES_ERROR;
				GCC_WARN_UNDECLARED_SELECTOR = YES;
				GCC_WARN_UNINITIALIZED_AUTOS = YES_AGGRESSIVE;
				GCC_WARN_UNUSED_FUNCTION = YES;
				GCC_WARN_UNUSED_VARIABLE = YES;
				IPHONEOS_DEPLOYMENT_TARGET = 16.4;
				MTL_ENABLE_DEBUG_INFO = NO;
				MTL_FAST_MATH = YES;
				SDKROOT = iphoneos;
				SWIFT_COMPILATION_MODE = wholemodule;
				SWIFT_OPTIMIZATION_LEVEL = "-O";
				VALIDATE_PRODUCT = YES;
			};
			name = Release;
		};
		D67035AF2A0E75510060A6F0 /* Debug */ = {
			isa = XCBuildConfiguration;
			buildSettings = {
				ASSETCATALOG_COMPILER_APPICON_NAME = AppIcon;
				ASSETCATALOG_COMPILER_GLOBAL_ACCENT_COLOR_NAME = AccentColor;
				CODE_SIGN_STYLE = Automatic;
				CURRENT_PROJECT_VERSION = 1;
				DEVELOPMENT_ASSET_PATHS = "\"Socks5/Preview Content\"";
				ENABLE_PREVIEWS = YES;
				EXCLUDED_ARCHS = arm64;
				GENERATE_INFOPLIST_FILE = YES;
				INFOPLIST_KEY_UIApplicationSceneManifest_Generation = YES;
				INFOPLIST_KEY_UIApplicationSupportsIndirectInputEvents = YES;
				INFOPLIST_KEY_UILaunchScreen_Generation = YES;
				INFOPLIST_KEY_UISupportedInterfaceOrientations_iPad = "UIInterfaceOrientationPortrait UIInterfaceOrientationPortraitUpsideDown UIInterfaceOrientationLandscapeLeft UIInterfaceOrientationLandscapeRight";
				INFOPLIST_KEY_UISupportedInterfaceOrientations_iPhone = "UIInterfaceOrientationPortrait UIInterfaceOrientationLandscapeLeft UIInterfaceOrientationLandscapeRight";
				LD_RUNPATH_SEARCH_PATHS = (
					"$(inherited)",
					"@executable_path/Frameworks",
				);
				LIBRARY_SEARCH_PATHS = "$(PROJECT_DIR)/../../cargo/target/universal/release";
				MARKETING_VERSION = 1.0;
				PRODUCT_BUNDLE_IDENTIFIER = nym.Socks5;
				PRODUCT_NAME = "$(TARGET_NAME)";
				SWIFT_EMIT_LOC_STRINGS = YES;
				SWIFT_OBJC_BRIDGING_HEADER = "$(PROJECT_DIR)/Socks5/Socks5-Bridging-Header.h";
				SWIFT_VERSION = 5.0;
				TARGETED_DEVICE_FAMILY = "1,2";
			};
			name = Debug;
		};
		D67035B02A0E75510060A6F0 /* Release */ = {
			isa = XCBuildConfiguration;
			buildSettings = {
				ASSETCATALOG_COMPILER_APPICON_NAME = AppIcon;
				ASSETCATALOG_COMPILER_GLOBAL_ACCENT_COLOR_NAME = AccentColor;
				CODE_SIGN_STYLE = Automatic;
				CURRENT_PROJECT_VERSION = 1;
				DEVELOPMENT_ASSET_PATHS = "\"Socks5/Preview Content\"";
				ENABLE_PREVIEWS = YES;
				EXCLUDED_ARCHS = arm64;
				GENERATE_INFOPLIST_FILE = YES;
				INFOPLIST_KEY_UIApplicationSceneManifest_Generation = YES;
				INFOPLIST_KEY_UIApplicationSupportsIndirectInputEvents = YES;
				INFOPLIST_KEY_UILaunchScreen_Generation = YES;
				INFOPLIST_KEY_UISupportedInterfaceOrientations_iPad = "UIInterfaceOrientationPortrait UIInterfaceOrientationPortraitUpsideDown UIInterfaceOrientationLandscapeLeft UIInterfaceOrientationLandscapeRight";
				INFOPLIST_KEY_UISupportedInterfaceOrientations_iPhone = "UIInterfaceOrientationPortrait UIInterfaceOrientationLandscapeLeft UIInterfaceOrientationLandscapeRight";
				LD_RUNPATH_SEARCH_PATHS = (
					"$(inherited)",
					"@executable_path/Frameworks",
				);
				LIBRARY_SEARCH_PATHS = "$(PROJECT_DIR)/../../cargo/target/universal/release";
				MARKETING_VERSION = 1.0;
				PRODUCT_BUNDLE_IDENTIFIER = nym.Socks5;
				PRODUCT_NAME = "$(TARGET_NAME)";
				SWIFT_EMIT_LOC_STRINGS = YES;
				SWIFT_OBJC_BRIDGING_HEADER = "$(PROJECT_DIR)/Socks5/Socks5-Bridging-Header.h";
				SWIFT_VERSION = 5.0;
				TARGETED_DEVICE_FAMILY = "1,2";
			};
			name = Release;
		};
/* End XCBuildConfiguration section */

/* Begin XCConfigurationList section */
		D670359B2A0E75500060A6F0 /* Build configuration list for PBXProject "Socks5" */ = {
			isa = XCConfigurationList;
			buildConfigurations = (
				D67035AC2A0E75510060A6F0 /* Debug */,
				D67035AD2A0E75510060A6F0 /* Release */,
			);
			defaultConfigurationIsVisible = 0;
			defaultConfigurationName = Release;
		};
		D67035AE2A0E75510060A6F0 /* Build configuration list for PBXNativeTarget "Socks5" */ = {
			isa = XCConfigurationList;
			buildConfigurations = (
				D67035AF2A0E75510060A6F0 /* Debug */,
				D67035B02A0E75510060A6F0 /* Release */,
			);
			defaultConfigurationIsVisible = 0;
			defaultConfigurationName = Release;
		};
/* End XCConfigurationList section */
	};
	rootObject = D67035982A0E75500060A6F0 /* Project object */;
}
